
Microsoft Visual Studio Solution File, Format Version 12.00
# Visual Studio Version 17
VisualStudioVersion = 17.14.37216.2
MinimumVisualStudioVersion = 10.0.40219.1
Project("{FAE04EC0-301F-11D3-BF4B-00C04F79EFBC}") = "Biblioteca", "Biblioteca\Biblioteca.csproj", "{8FDF3931-C425-45EB-B5E4-39715AF800DC}"
EndProject
Global
	GlobalSection(SolutionConfigurationPlatforms) = preSolution
		Debug|Any CPU = Debug|Any CPU
		Release|Any CPU = Release|Any CPU
	EndGlobalSection
	GlobalSection(ProjectConfigurationPlatforms) = postSolution
		{8FDF3931-C425-45EB-B5E4-39715AF800DC}.Debug|Any CPU.ActiveCfg = Debug|Any CPU
		{8FDF3931-C425-45EB-B5E4-39715AF800DC}.Debug|Any CPU.Build.0 = Debug|Any CPU
		{8FDF3931-C425-45EB-B5E4-39715AF800DC}.Release|Any CPU.ActiveCfg = Release|Any CPU
		{8FDF3931-C425-45EB-B5E4-39715AF800DC}.Release|Any CPU.Build.0 = Release|Any CPU
	EndGlobalSection
	GlobalSection(SolutionProperties) = preSolution
		HideSolutionNode = FALSE
	EndGlobalSection
	GlobalSection(ExtensibilityGlobals) = postSolution
		SolutionGuid = {17497796-DA26-4C47-A3BA-50E71D81E90C}
	EndGlobalSection
EndGlobal
